
Microsoft Visual Studio Solution File, Format Version 12.00
# Visual Studio 15
Project("{FAE04EC0-301F-11D3-BF4B-00C04F79EFBC}") = "SimpleWebTransport", "SimpleWebTransport.csproj", "{DAC1BBE7-976F-8A53-2353-E6BE47133977}"
EndProject
Project("{FAE04EC0-301F-11D3-BF4B-00C04F79EFBC}") = "Mirror.Examples", "Mirror.Examples.csproj", "{0281BF8A-DDB7-15F0-F4BB-0AD4A78B7E27}"
EndProject
Project("{FAE04EC0-301F-11D3-BF4B-00C04F79EFBC}") = "Mirror", "Mirror.csproj", "{E9A9B540-0A80-91D5-6BF4-B38650850992}"
EndProject
Project("{FAE04EC0-301F-11D3-BF4B-00C04F79EFBC}") = "FMODUnity", "FMODUnity.csproj", "{34FE23E3-7CBF-6040-0356-4F0970009238}"
EndProject
Project("{FAE04EC0-301F-11D3-BF4B-00C04F79EFBC}") = "Mirror.Components", "Mirror.Components.csproj", "{B43B2D11-FC53-1D39-D02F-261436A85C37}"
EndProject
Project("{FAE04EC0-301F-11D3-BF4B-00C04F79EFBC}") = "Assembly-CSharp", "Assembly-CSharp.csproj", "{E4BD3BE5-CDB1-0A8D-A088-854330691DAA}"
EndProject
Project("{FAE04EC0-301F-11D3-BF4B-00C04F79EFBC}") = "FizzySteamworks", "FizzySteamworks.csproj", "{B2A3D31F-EA56-19D1-7B68-63653064ECDC}"
EndProject
Project("{FAE04EC0-301F-11D3-BF4B-00C04F79EFBC}") = "Telepathy", "Telepathy.csproj", "{515A5525-55FB-1F1D-5AB7-FADF8F117DFD}"
EndProject
Project("{FAE04EC0-301F-11D3-BF4B-00C04F79EFBC}") = "kcp2k", "kcp2k.csproj", "{C9FB4ACB-4C81-3C5E-FA54-C437945ED67F}"
EndProject
Project("{FAE04EC0-301F-11D3-BF4B-00C04F79EFBC}") = "where-allocations", "where-allocations.csproj", "{8886F0DE-4FC1-B386-44A1-0EBDA91FE71C}"
EndProject
Project("{FAE04EC0-301F-11D3-BF4B-00C04F79EFBC}") = "Mirror.Authenticators", "Mirror.Authenticators.csproj", "{C898F936-DD23-8728-6206-AD2E5942AB24}"
EndProject
Project("{FAE04EC0-301F-11D3-BF4B-00C04F79EFBC}") = "Unity.Mirror.CodeGen", "Unity.Mirror.CodeGen.csproj", "{E252AA9C-97D1-BC4E-C0C0-11D05FC1153E}"
EndProject
Project("{FAE04EC0-301F-11D3-BF4B-00C04F79EFBC}") = "FMODUnityEditor", "FMODUnityEditor.csproj", "{80F2829C-E27A-1557-F6BE-DA8D180B4951}"
EndProject
Project("{FAE04EC0-301F-11D3-BF4B-00C04F79EFBC}") = "Mirror.Editor", "Mirror.Editor.csproj", "{70D12F1E-1D4A-7C2A-0D69-ECED1AE89D1B}"
EndProject
Project("{FAE04EC0-301F-11D3-BF4B-00C04F79EFBC}") = "Mirror.CompilerSymbols", "Mirror.CompilerSymbols.csproj", "{B95E05FA-5409-0921-0CBD-2E282EB1F623}"
EndProject
Global
	GlobalSection(SolutionConfigurationPlatforms) = preSolution
		Debug|Any CPU = Debug|Any CPU
		Release|Any CPU = Release|Any CPU
	EndGlobalSection
	GlobalSection(ProjectConfigurationPlatforms) = postSolution
		{DAC1BBE7-976F-8A53-2353-E6BE47133977}.Debug|Any CPU.ActiveCfg = Debug|Any CPU
		{DAC1BBE7-976F-8A53-2353-E6BE47133977}.Debug|Any CPU.Build.0 = Debug|Any CPU
		{DAC1BBE7-976F-8A53-2353-E6BE47133977}.Release|Any CPU.ActiveCfg = Release|Any CPU
		{DAC1BBE7-976F-8A53-2353-E6BE47133977}.Release|Any CPU.Build.0 = Release|Any CPU
		{0281BF8A-DDB7-15F0-F4BB-0AD4A78B7E27}.Debug|Any CPU.ActiveCfg = Debug|Any CPU
		{0281BF8A-DDB7-15F0-F4BB-0AD4A78B7E27}.Debug|Any CPU.Build.0 = Debug|Any CPU
		{0281BF8A-DDB7-15F0-F4BB-0AD4A78B7E27}.Release|Any CPU.ActiveCfg = Release|Any CPU
		{0281BF8A-DDB7-15F0-F4BB-0AD4A78B7E27}.Release|Any CPU.Build.0 = Release|Any CPU
		{E9A9B540-0A80-91D5-6BF4-B38650850992}.Debug|Any CPU.ActiveCfg = Debug|Any CPU
		{E9A9B540-0A80-91D5-6BF4-B38650850992}.Debug|Any CPU.Build.0 = Debug|Any CPU
		{E9A9B540-0A80-91D5-6BF4-B38650850992}.Release|Any CPU.ActiveCfg = Release|Any CPU
		{E9A9B540-0A80-91D5-6BF4-B38650850992}.Release|Any CPU.Build.0 = Release|Any CPU
		{34FE23E3-7CBF-6040-0356-4F0970009238}.Debug|Any CPU.ActiveCfg = Debug|Any CPU
		{34FE23E3-7CBF-6040-0356-4F0970009238}.Debug|Any CPU.Build.0 = Debug|Any CPU
		{34FE23E3-7CBF-6040-0356-4F0970009238}.Release|Any CPU.ActiveCfg = Release|Any CPU
		{34FE23E3-7CBF-6040-0356-4F0970009238}.Release|Any CPU.Build.0 = Release|Any CPU
		{B43B2D11-FC53-1D39-D02F-261436A85C37}.Debug|Any CPU.ActiveCfg = Debug|Any CPU
		{B43B2D11-FC53-1D39-D02F-261436A85C37}.Debug|Any CPU.Build.0 = Debug|Any CPU
		{B43B2D11-FC53-1D39-D02F-261436A85C37}.Release|Any CPU.ActiveCfg = Release|Any CPU
		{B43B2D11-FC53-1D39-D02F-261436A85C37}.Release|Any CPU.Build.0 = Release|Any CPU
		{E4BD3BE5-CDB1-0A8D-A088-854330691DAA}.Debug|Any CPU.ActiveCfg = Debug|Any CPU
		{E4BD3BE5-CDB1-0A8D-A088-854330691DAA}.Debug|Any CPU.Build.0 = Debug|Any CPU
		{E4BD3BE5-CDB1-0A8D-A088-854330691DAA}.Release|Any CPU.ActiveCfg = Release|Any CPU
		{E4BD3BE5-CDB1-0A8D-A088-854330691DAA}.Release|Any CPU.Build.0 = Release|Any CPU
		{B2A3D31F-EA56-19D1-7B68-63653064ECDC}.Debug|Any CPU.ActiveCfg = Debug|Any CPU
		{B2A3D31F-EA56-19D1-7B68-63653064ECDC}.Debug|Any CPU.Build.0 = Debug|Any CPU
		{B2A3D31F-EA56-19D1-7B68-63653064ECDC}.Release|Any CPU.ActiveCfg = Release|Any CPU
		{B2A3D31F-EA56-19D1-7B68-63653064ECDC}.Release|Any CPU.Build.0 = Release|Any CPU
		{515A5525-55FB-1F1D-5AB7-FADF8F117DFD}.Debug|Any CPU.ActiveCfg = Debug|Any CPU
		{515A5525-55FB-1F1D-5AB7-FADF8F117DFD}.Debug|Any CPU.Build.0 = Debug|Any CPU
		{515A5525-55FB-1F1D-5AB7-FADF8F117DFD}.Release|Any CPU.ActiveCfg = Release|Any CPU
		{515A5525-55FB-1F1D-5AB7-FADF8F117DFD}.Release|Any CPU.Build.0 = Release|Any CPU
		{C9FB4ACB-4C81-3C5E-FA54-C437945ED67F}.Debug|Any CPU.ActiveCfg = Debug|Any CPU
		{C9FB4ACB-4C81-3C5E-FA54-C437945ED67F}.Debug|Any CPU.Build.0 = Debug|Any CPU
		{C9FB4ACB-4C81-3C5E-FA54-C437945ED67F}.Release|Any CPU.ActiveCfg = Release|Any CPU
		{C9FB4ACB-4C81-3C5E-FA54-C437945ED67F}.Release|Any CPU.Build.0 = Release|Any CPU
		{8886F0DE-4FC1-B386-44A1-0EBDA91FE71C}.Debug|Any CPU.ActiveCfg = Debug|Any CPU
		{8886F0DE-4FC1-B386-44A1-0EBDA91FE71C}.Debug|Any CPU.Build.0 = Debug|Any CPU
		{8886F0DE-4FC1-B386-44A1-0EBDA91FE71C}.Release|Any CPU.ActiveCfg = Release|Any CPU
		{8886F0DE-4FC1-B386-44A1-0EBDA91FE71C}.Release|Any CPU.Build.0 = Release|Any CPU
		{C898F936-DD23-8728-6206-AD2E5942AB24}.Debug|Any CPU.ActiveCfg = Debug|Any CPU
		{C898F936-DD23-8728-6206-AD2E5942AB24}.Debug|Any CPU.Build.0 = Debug|Any CPU
		{C898F936-DD23-8728-6206-AD2E5942AB24}.Release|Any CPU.ActiveCfg = Release|Any CPU
		{C898F936-DD23-8728-6206-AD2E5942AB24}.Release|Any CPU.Build.0 = Release|Any CPU
		{E252AA9C-97D1-BC4E-C0C0-11D05FC1153E}.Debug|Any CPU.ActiveCfg = Debug|Any CPU
		{E252AA9C-97D1-BC4E-C0C0-11D05FC1153E}.Debug|Any CPU.Build.0 = Debug|Any CPU
		{E252AA9C-97D1-BC4E-C0C0-11D05FC1153E}.Release|Any CPU.ActiveCfg = Release|Any CPU
		{E252AA9C-97D1-BC4E-C0C0-11D05FC1153E}.Release|Any CPU.Build.0 = Release|Any CPU
		{80F2829C-E27A-1557-F6BE-DA8D180B4951}.Debug|Any CPU.ActiveCfg = Debug|Any CPU
		{80F2829C-E27A-1557-F6BE-DA8D180B4951}.Debug|Any CPU.Build.0 = Debug|Any CPU
		{80F2829C-E27A-1557-F6BE-DA8D180B4951}.Release|Any CPU.ActiveCfg = Release|Any CPU
		{80F2829C-E27A-1557-F6BE-DA8D180B4951}.Release|Any CPU.Build.0 = Release|Any CPU
		{70D12F1E-1D4A-7C2A-0D69-ECED1AE89D1B}.Debug|Any CPU.ActiveCfg = Debug|Any CPU
		{70D12F1E-1D4A-7C2A-0D69-ECED1AE89D1B}.Debug|Any CPU.Build.0 = Debug|Any CPU
		{70D12F1E-1D4A-7C2A-0D69-ECED1AE89D1B}.Release|Any CPU.ActiveCfg = Release|Any CPU
		{70D12F1E-1D4A-7C2A-0D69-ECED1AE89D1B}.Release|Any CPU.Build.0 = Release|Any CPU
		{B95E05FA-5409-0921-0CBD-2E282EB1F623}.Debug|Any CPU.ActiveCfg = Debug|Any CPU
		{B95E05FA-5409-0921-0CBD-2E282EB1F623}.Debug|Any CPU.Build.0 = Debug|Any CPU
		{B95E05FA-5409-0921-0CBD-2E282EB1F623}.Release|Any CPU.ActiveCfg = Release|Any CPU
		{B95E05FA-5409-0921-0CBD-2E282EB1F623}.Release|Any CPU.Build.0 = Release|Any CPU
	EndGlobalSection
	GlobalSection(SolutionProperties) = preSolution
		HideSolutionNode = FALSE
	EndGlobalSection
EndGlobal
