
Microsoft Visual Studio Solution File, Format Version 11.00
# Visual Studio 2010
Project("{FAE04EC0-301F-11D3-BF4B-00C04F79EFBC}") = "Mirror.Examples", "Mirror.Examples.csproj", "{8abf8102-b7dd-f015-f4bb-0ad4a78b7e27}"
EndProject
Project("{FAE04EC0-301F-11D3-BF4B-00C04F79EFBC}") = "DOTweenPro.Scripts", "DOTweenPro.Scripts.csproj", "{05efc7f0-d0b5-7ca0-c0c8-6d52fdbf1cfc}"
EndProject
Project("{FAE04EC0-301F-11D3-BF4B-00C04F79EFBC}") = "Mirror", "Mirror.csproj", "{40b5a9e9-800a-d591-6bf4-b38650850992}"
EndProject
Project("{FAE04EC0-301F-11D3-BF4B-00C04F79EFBC}") = "Project.Runtime", "Project.Runtime.csproj", "{97d72861-472a-7385-971f-5b80a8351c03}"
EndProject
Project("{FAE04EC0-301F-11D3-BF4B-00C04F79EFBC}") = "Assembly-CSharp-firstpass", "Assembly-CSharp-firstpass.csproj", "{7d92e567-06b1-e133-03c0-eab7742a64c8}"
EndProject
Project("{FAE04EC0-301F-11D3-BF4B-00C04F79EFBC}") = "FMODUnity", "FMODUnity.csproj", "{e323fe34-bf7c-4060-0356-4f0970009238}"
EndProject
Project("{FAE04EC0-301F-11D3-BF4B-00C04F79EFBC}") = "FizzySteamworks", "FizzySteamworks.csproj", "{1fd3a3b2-56ea-d119-7b68-63653064ecdc}"
EndProject
Project("{FAE04EC0-301F-11D3-BF4B-00C04F79EFBC}") = "Telepathy", "Telepathy.csproj", "{25555a51-fb55-1d1f-5ab7-fadf8f117dfd}"
EndProject
Project("{FAE04EC0-301F-11D3-BF4B-00C04F79EFBC}") = "Mirror.Components", "Mirror.Components.csproj", "{112d3bb4-53fc-391d-d02f-261436a85c37}"
EndProject
Project("{FAE04EC0-301F-11D3-BF4B-00C04F79EFBC}") = "kcp2k", "kcp2k.csproj", "{cb4afbc9-814c-5e3c-fa54-c437945ed67f}"
EndProject
Project("{FAE04EC0-301F-11D3-BF4B-00C04F79EFBC}") = "Project.External", "Project.External.csproj", "{ac5c8fe6-2dcd-164e-360b-6851f57b9d5a}"
EndProject
Project("{FAE04EC0-301F-11D3-BF4B-00C04F79EFBC}") = "SimpleWebTransport", "SimpleWebTransport.csproj", "{e7bbc1da-6f97-538a-2353-e6be47133977}"
EndProject
Project("{FAE04EC0-301F-11D3-BF4B-00C04F79EFBC}") = "PlayMode", "PlayMode.csproj", "{dcde74b4-60bf-da18-14f9-0af19abc14ca}"
EndProject
Project("{FAE04EC0-301F-11D3-BF4B-00C04F79EFBC}") = "DOTween.Modules", "DOTween.Modules.csproj", "{2df88561-f65d-bea1-54bd-6ffda4ddbfc6}"
EndProject
Project("{FAE04EC0-301F-11D3-BF4B-00C04F79EFBC}") = "where-allocations", "where-allocations.csproj", "{def08688-c14f-86b3-44a1-0ebda91fe71c}"
EndProject
Project("{FAE04EC0-301F-11D3-BF4B-00C04F79EFBC}") = "Mirror.Authenticators", "Mirror.Authenticators.csproj", "{36f998c8-23dd-2887-6206-ad2e5942ab24}"
EndProject
Project("{FAE04EC0-301F-11D3-BF4B-00C04F79EFBC}") = "Assembly-CSharp", "Assembly-CSharp.csproj", "{e53bbde4-b1cd-8d0a-a088-854330691daa}"
EndProject
Project("{FAE04EC0-301F-11D3-BF4B-00C04F79EFBC}") = "Assembly-CSharp-Editor-firstpass", "Assembly-CSharp-Editor-firstpass.csproj", "{21bece9c-2e25-3997-7d45-f7d11c884934}"
EndProject
Project("{FAE04EC0-301F-11D3-BF4B-00C04F79EFBC}") = "FMODUnityEditor", "FMODUnityEditor.csproj", "{9c82f280-7ae2-5715-f6be-da8d180b4951}"
EndProject
Project("{FAE04EC0-301F-11D3-BF4B-00C04F79EFBC}") = "Unity.Mirror.CodeGen", "Unity.Mirror.CodeGen.csproj", "{9caa52e2-d197-4ebc-c0c0-11d05fc1153e}"
EndProject
Project("{FAE04EC0-301F-11D3-BF4B-00C04F79EFBC}") = "DOTweenPro.EditorScripts", "DOTweenPro.EditorScripts.csproj", "{d327a8e6-ccbe-d92f-de9e-def159aa2620}"
EndProject
Project("{FAE04EC0-301F-11D3-BF4B-00C04F79EFBC}") = "Mirror.Editor", "Mirror.Editor.csproj", "{1e2fd170-4a1d-2a7c-0d69-eced1ae89d1b}"
EndProject
Project("{FAE04EC0-301F-11D3-BF4B-00C04F79EFBC}") = "EditMode", "EditMode.csproj", "{c82b1c86-8ed9-4031-4bda-df7e1e946a41}"
EndProject
Project("{FAE04EC0-301F-11D3-BF4B-00C04F79EFBC}") = "Mirror.CompilerSymbols", "Mirror.CompilerSymbols.csproj", "{fa055eb9-0954-2109-0cbd-2e282eb1f623}"
EndProject
Global
	GlobalSection(SolutionConfigurationPlatforms) = preSolution
		Debug|Any CPU = Debug|Any CPU
	EndGlobalSection
	GlobalSection(ProjectConfigurationPlatforms) = postSolution
		{8abf8102-b7dd-f015-f4bb-0ad4a78b7e27}.Debug|Any CPU.ActiveCfg = Debug|Any CPU
		{8abf8102-b7dd-f015-f4bb-0ad4a78b7e27}.Debug|Any CPU.Build.0 = Debug|Any CPU
		{05efc7f0-d0b5-7ca0-c0c8-6d52fdbf1cfc}.Debug|Any CPU.ActiveCfg = Debug|Any CPU
		{05efc7f0-d0b5-7ca0-c0c8-6d52fdbf1cfc}.Debug|Any CPU.Build.0 = Debug|Any CPU
		{40b5a9e9-800a-d591-6bf4-b38650850992}.Debug|Any CPU.ActiveCfg = Debug|Any CPU
		{40b5a9e9-800a-d591-6bf4-b38650850992}.Debug|Any CPU.Build.0 = Debug|Any CPU
		{97d72861-472a-7385-971f-5b80a8351c03}.Debug|Any CPU.ActiveCfg = Debug|Any CPU
		{97d72861-472a-7385-971f-5b80a8351c03}.Debug|Any CPU.Build.0 = Debug|Any CPU
		{7d92e567-06b1-e133-03c0-eab7742a64c8}.Debug|Any CPU.ActiveCfg = Debug|Any CPU
		{7d92e567-06b1-e133-03c0-eab7742a64c8}.Debug|Any CPU.Build.0 = Debug|Any CPU
		{e323fe34-bf7c-4060-0356-4f0970009238}.Debug|Any CPU.ActiveCfg = Debug|Any CPU
		{e323fe34-bf7c-4060-0356-4f0970009238}.Debug|Any CPU.Build.0 = Debug|Any CPU
		{1fd3a3b2-56ea-d119-7b68-63653064ecdc}.Debug|Any CPU.ActiveCfg = Debug|Any CPU
		{1fd3a3b2-56ea-d119-7b68-63653064ecdc}.Debug|Any CPU.Build.0 = Debug|Any CPU
		{25555a51-fb55-1d1f-5ab7-fadf8f117dfd}.Debug|Any CPU.ActiveCfg = Debug|Any CPU
		{25555a51-fb55-1d1f-5ab7-fadf8f117dfd}.Debug|Any CPU.Build.0 = Debug|Any CPU
		{112d3bb4-53fc-391d-d02f-261436a85c37}.Debug|Any CPU.ActiveCfg = Debug|Any CPU
		{112d3bb4-53fc-391d-d02f-261436a85c37}.Debug|Any CPU.Build.0 = Debug|Any CPU
		{cb4afbc9-814c-5e3c-fa54-c437945ed67f}.Debug|Any CPU.ActiveCfg = Debug|Any CPU
		{cb4afbc9-814c-5e3c-fa54-c437945ed67f}.Debug|Any CPU.Build.0 = Debug|Any CPU
		{ac5c8fe6-2dcd-164e-360b-6851f57b9d5a}.Debug|Any CPU.ActiveCfg = Debug|Any CPU
		{ac5c8fe6-2dcd-164e-360b-6851f57b9d5a}.Debug|Any CPU.Build.0 = Debug|Any CPU
		{e7bbc1da-6f97-538a-2353-e6be47133977}.Debug|Any CPU.ActiveCfg = Debug|Any CPU
		{e7bbc1da-6f97-538a-2353-e6be47133977}.Debug|Any CPU.Build.0 = Debug|Any CPU
		{dcde74b4-60bf-da18-14f9-0af19abc14ca}.Debug|Any CPU.ActiveCfg = Debug|Any CPU
		{dcde74b4-60bf-da18-14f9-0af19abc14ca}.Debug|Any CPU.Build.0 = Debug|Any CPU
		{2df88561-f65d-bea1-54bd-6ffda4ddbfc6}.Debug|Any CPU.ActiveCfg = Debug|Any CPU
		{2df88561-f65d-bea1-54bd-6ffda4ddbfc6}.Debug|Any CPU.Build.0 = Debug|Any CPU
		{def08688-c14f-86b3-44a1-0ebda91fe71c}.Debug|Any CPU.ActiveCfg = Debug|Any CPU
		{def08688-c14f-86b3-44a1-0ebda91fe71c}.Debug|Any CPU.Build.0 = Debug|Any CPU
		{36f998c8-23dd-2887-6206-ad2e5942ab24}.Debug|Any CPU.ActiveCfg = Debug|Any CPU
		{36f998c8-23dd-2887-6206-ad2e5942ab24}.Debug|Any CPU.Build.0 = Debug|Any CPU
		{e53bbde4-b1cd-8d0a-a088-854330691daa}.Debug|Any CPU.ActiveCfg = Debug|Any CPU
		{e53bbde4-b1cd-8d0a-a088-854330691daa}.Debug|Any CPU.Build.0 = Debug|Any CPU
		{21bece9c-2e25-3997-7d45-f7d11c884934}.Debug|Any CPU.ActiveCfg = Debug|Any CPU
		{21bece9c-2e25-3997-7d45-f7d11c884934}.Debug|Any CPU.Build.0 = Debug|Any CPU
		{9c82f280-7ae2-5715-f6be-da8d180b4951}.Debug|Any CPU.ActiveCfg = Debug|Any CPU
		{9c82f280-7ae2-5715-f6be-da8d180b4951}.Debug|Any CPU.Build.0 = Debug|Any CPU
		{9caa52e2-d197-4ebc-c0c0-11d05fc1153e}.Debug|Any CPU.ActiveCfg = Debug|Any CPU
		{9caa52e2-d197-4ebc-c0c0-11d05fc1153e}.Debug|Any CPU.Build.0 = Debug|Any CPU
		{d327a8e6-ccbe-d92f-de9e-def159aa2620}.Debug|Any CPU.ActiveCfg = Debug|Any CPU
		{d327a8e6-ccbe-d92f-de9e-def159aa2620}.Debug|Any CPU.Build.0 = Debug|Any CPU
		{1e2fd170-4a1d-2a7c-0d69-eced1ae89d1b}.Debug|Any CPU.ActiveCfg = Debug|Any CPU
		{1e2fd170-4a1d-2a7c-0d69-eced1ae89d1b}.Debug|Any CPU.Build.0 = Debug|Any CPU
		{c82b1c86-8ed9-4031-4bda-df7e1e946a41}.Debug|Any CPU.ActiveCfg = Debug|Any CPU
		{c82b1c86-8ed9-4031-4bda-df7e1e946a41}.Debug|Any CPU.Build.0 = Debug|Any CPU
		{fa055eb9-0954-2109-0cbd-2e282eb1f623}.Debug|Any CPU.ActiveCfg = Debug|Any CPU
		{fa055eb9-0954-2109-0cbd-2e282eb1f623}.Debug|Any CPU.Build.0 = Debug|Any CPU
	EndGlobalSection
	GlobalSection(SolutionProperties) = preSolution
		HideSolutionNode = FALSE
	EndGlobalSection
EndGlobal
