
Microsoft Visual Studio Solution File, Format Version 12.00
# Visual Studio 15
Project("{FAE04EC0-301F-11D3-BF4B-00C04F79EFBC}") = "FMODUnity", "FMODUnity.csproj", "{34FE23E3-7CBF-6040-0356-4F0970009238}"
EndProject
Project("{FAE04EC0-301F-11D3-BF4B-00C04F79EFBC}") = "Assembly-CSharp", "Assembly-CSharp.csproj", "{E4BD3BE5-CDB1-0A8D-A088-854330691DAA}"
EndProject
Project("{FAE04EC0-301F-11D3-BF4B-00C04F79EFBC}") = "FMODUnityEditor", "FMODUnityEditor.csproj", "{80F2829C-E27A-1557-F6BE-DA8D180B4951}"
EndProject
Global
	GlobalSection(SolutionConfigurationPlatforms) = preSolution
		Debug|Any CPU = Debug|Any CPU
		Release|Any CPU = Release|Any CPU
	EndGlobalSection
	GlobalSection(ProjectConfigurationPlatforms) = postSolution
		{34FE23E3-7CBF-6040-0356-4F0970009238}.Debug|Any CPU.ActiveCfg = Debug|Any CPU
		{34FE23E3-7CBF-6040-0356-4F0970009238}.Debug|Any CPU.Build.0 = Debug|Any CPU
		{34FE23E3-7CBF-6040-0356-4F0970009238}.Release|Any CPU.ActiveCfg = Release|Any CPU
		{34FE23E3-7CBF-6040-0356-4F0970009238}.Release|Any CPU.Build.0 = Release|Any CPU
		{E4BD3BE5-CDB1-0A8D-A088-854330691DAA}.Debug|Any CPU.ActiveCfg = Debug|Any CPU
		{E4BD3BE5-CDB1-0A8D-A088-854330691DAA}.Debug|Any CPU.Build.0 = Debug|Any CPU
		{E4BD3BE5-CDB1-0A8D-A088-854330691DAA}.Release|Any CPU.ActiveCfg = Release|Any CPU
		{E4BD3BE5-CDB1-0A8D-A088-854330691DAA}.Release|Any CPU.Build.0 = Release|Any CPU
		{80F2829C-E27A-1557-F6BE-DA8D180B4951}.Debug|Any CPU.ActiveCfg = Debug|Any CPU
		{80F2829C-E27A-1557-F6BE-DA8D180B4951}.Debug|Any CPU.Build.0 = Debug|Any CPU
		{80F2829C-E27A-1557-F6BE-DA8D180B4951}.Release|Any CPU.ActiveCfg = Release|Any CPU
		{80F2829C-E27A-1557-F6BE-DA8D180B4951}.Release|Any CPU.Build.0 = Release|Any CPU
	EndGlobalSection
	GlobalSection(SolutionProperties) = preSolution
		HideSolutionNode = FALSE
	EndGlobalSection
EndGlobal
